
Microsoft Visual Studio Solution File, Format Version 12.00
# Visual Studio Version 16
VisualStudioVersion = 16.0.30011.22
MinimumVisualStudioVersion = 10.0.40219.1
Project("{FAE04EC0-301F-11D3-BF4B-00C04F79EFBC}") = "QvwDesigner", "QvwDesigner.csproj", "{40E32392-A5F0-429D-99E2-6A54AC22A529}"
EndProject
Global
	GlobalSection(SolutionConfigurationPlatforms) = preSolution
		Debug|Any CPU = Debug|Any CPU
		Release|Any CPU = Release|Any CPU
	EndGlobalSection
	GlobalSection(ProjectConfigurationPlatforms) = postSolution
		{40E32392-A5F0-429D-99E2-6A54AC22A529}.Debug|Any CPU.ActiveCfg = Debug|Any CPU
		{40E32392-A5F0-429D-99E2-6A54AC22A529}.Debug|Any CPU.Build.0 = Debug|Any CPU
		{40E32392-A5F0-429D-99E2-6A54AC22A529}.Release|Any CPU.ActiveCfg = Release|Any CPU
		{40E32392-A5F0-429D-99E2-6A54AC22A529}.Release|Any CPU.Build.0 = Release|Any CPU
	EndGlobalSection
	GlobalSection(SolutionProperties) = preSolution
		HideSolutionNode = FALSE
	EndGlobalSection
	GlobalSection(ExtensibilityGlobals) = postSolution
		SolutionGuid = {366D07A1-5BCA-4EB0-99FD-2194CEFCA922}
	EndGlobalSection
EndGlobal
